// !$*UTF8*$!
{
	archiveVersion = 1;
	classes = {
	};
	objectVersion = 50;
	objects = {

/* Begin PBXBuildFile section */
		A8AB09A82419152B00F9647D /* AppDelegate.m in Sources */ = {isa = PBXBuildFile; fileRef = A8AB09A72419152B00F9647D /* AppDelegate.m */; };
		A8AB09AB2419152B00F9647D /* SceneDelegate.m in Sources */ = {isa = PBXBuildFile; fileRef = A8AB09AA2419152B00F9647D /* SceneDelegate.m */; };
		A8AB09AE2419152B00F9647D /* ViewController.m in Sources */ = {isa = PBXBuildFile; fileRef = A8AB09AD2419152B00F9647D /* ViewController.m */; };
		A8AB09B12419152B00F9647D /* Main.storyboard in Resources */ = {isa = PBXBuildFile; fileRef = A8AB09AF2419152B00F9647D /* Main.storyboard */; };
		A8AB09B32419152B00F9647D /* Assets.xcassets in Resources */ = {isa = PBXBuildFile; fileRef = A8AB09B22419152B00F9647D /* Assets.xcassets */; };
		A8AB09B62419152B00F9647D /* LaunchScreen.storyboard in Resources */ = {isa = PBXBuildFile; fileRef = A8AB09B42419152B00F9647D /* LaunchScreen.storyboard */; };
		A8AB09B92419152B00F9647D /* main.m in Sources */ = {isa = PBXBuildFile; fileRef = A8AB09B82419152B00F9647D /* main.m */; };
/* End PBXBuildFile section */

/* Begin PBXFileReference section */
		A8AB09A32419152B00F9647D /* HealthManagerClient.app */ = {isa = PBXFileReference; explicitFileType = wrapper.application; includeInIndex = 0; path = HealthManagerClient.app; sourceTree = BUILT_PRODUCTS_DIR; };
		A8AB09A62419152B00F9647D /* AppDelegate.h */ = {isa = PBXFileReference; lastKnownFileType = sourcecode.c.h; path = AppDelegate.h; sourceTree = "<group>"; };
		A8AB09A72419152B00F9647D /* AppDelegate.m */ = {isa = PBXFileReference; lastKnownFileType = sourcecode.c.objc; path = AppDelegate.m; sourceTree = "<group>"; };
		A8AB09A92419152B00F9647D /* SceneDelegate.h */ = {isa = PBXFileReference; lastKnownFileType = sourcecode.c.h; path = SceneDelegate.h; sourceTree = "<group>"; };
		A8AB09AA2419152B00F9647D /* SceneDelegate.m */ = {isa = PBXFileReference; lastKnownFileType = sourcecode.c.objc; path = SceneDelegate.m; sourceTree = "<group>"; };
		A8AB09AC2419152B00F9647D /* ViewController.h */ = {isa = PBXFileReference; lastKnownFileType = sourcecode.c.h; path = ViewController.h; sourceTree = "<group>"; };
		A8AB09AD2419152B00F9647D /* ViewController.m */ = {isa = PBXFileReference; lastKnownFileType = sourcecode.c.objc; path = ViewController.m; sourceTree = "<group>"; };
		A8AB09B02419152B00F9647D /* Base */ = {isa = PBXFileReference; lastKnownFileType = file.storyboard; name = Base; path = Base.lproj/Main.storyboard; sourceTree = "<group>"; };
		A8AB09B22419152B00F9647D /* Assets.xcassets */ = {isa = PBXFileReference; lastKnownFileType = folder.assetcatalog; path = Assets.xcassets; sourceTree = "<group>"; };
		A8AB09B52419152B00F9647D /* Base */ = {isa = PBXFileReference; lastKnownFileType = file.storyboard; name = Base; path = Base.lproj/LaunchScreen.storyboard; sourceTree = "<group>"; };
		A8AB09B72419152B00F9647D /* Info.plist */ = {isa = PBXFileReference; lastKnownFileType = text.plist.xml; path = Info.plist; sourceTree = "<group>"; };
		A8AB09B82419152B00F9647D /* main.m */ = {isa = PBXFileReference; lastKnownFileType = sourcecode.c.objc; path = main.m; sourceTree = "<group>"; };
/* End PBXFileReference section */

/* Begin PBXFrameworksBuildPhase section */
		A8AB09A02419152B00F9647D /* Frameworks */ = {
			isa = PBXFrameworksBuildPhase;
			buildActionMask = 2147483647;
			files = (
			);
			runOnlyForDeploymentPostprocessing = 0;
		};
/* End PBXFrameworksBuildPhase section */

/* Begin PBXGroup section */
		A8AB099A2419152B00F9647D = {
			isa = PBXGroup;
			children = (
				A8AB09A52419152B00F9647D /* HealthManagerClient */,
				A8AB09A42419152B00F9647D /* Products */,
			);
			sourceTree = "<group>";
		};
		A8AB09A42419152B00F9647D /* Products */ = {
			isa = PBXGroup;
			children = (
				A8AB09A32419152B00F9647D /* HealthManagerClient.app */,
			);
			name = Products;
			sourceTree = "<group>";
		};
		A8AB09A52419152B00F9647D /* HealthManagerClient */ = {
			isa = PBXGroup;
			children = (
				A8AB09A62419152B00F9647D /* AppDelegate.h */,
				A8AB09A72419152B00F9647D /* AppDelegate.m */,
				A8AB09A92419152B00F9647D /* SceneDelegate.h */,
				A8AB09AA2419152B00F9647D /* SceneDelegate.m */,
				A8AB09AC2419152B00F9647D /* ViewController.h */,
				A8AB09AD2419152B00F9647D /* ViewController.m */,
				A8AB09AF2419152B00F9647D /* Main.storyboard */,
				A8AB09B22419152B00F9647D /* Assets.xcassets */,
				A8AB09B42419152B00F9647D /* LaunchScreen.storyboard */,
				A8AB09B72419152B00F9647D /* Info.plist */,
				A8AB09B82419152B00F9647D /* main.m */,
			);
			path = HealthManagerClient;
			sourceTree = "<group>";
		};
/* End PBXGroup section */

/* Begin PBXNativeTarget section */
		A8AB09A22419152B00F9647D /* HealthManagerClient */ = {
			isa = PBXNativeTarget;
			buildConfigurationList = A8AB09BC2419152B00F9647D /* Build configuration list for PBXNativeTarget "HealthManagerClient" */;
			buildPhases = (
				A8AB099F2419152B00F9647D /* Sources */,
				A8AB09A02419152B00F9647D /* Frameworks */,
				A8AB09A12419152B00F9647D /* Resources */,
			);
			buildRules = (
			);
			dependencies = (
			);
			name = HealthManagerClient;
			productName = HealthManagerClient;
			productReference = A8AB09A32419152B00F9647D /* HealthManagerClient.app */;
			productType = "com.apple.product-type.application";
		};
/* End PBXNativeTarget section */

/* Begin PBXProject section */
		A8AB099B2419152B00F9647D /* Project object */ = {
			isa = PBXProject;
			attributes = {
				LastUpgradeCheck = 1130;
				ORGANIZATIONNAME = mobile;
				TargetAttributes = {
					A8AB09A22419152B00F9647D = {
						CreatedOnToolsVersion = 11.3.1;
					};
				};
			};
			buildConfigurationList = A8AB099E2419152B00F9647D /* Build configuration list for PBXProject "HealthManagerClient" */;
			compatibilityVersion = "Xcode 9.3";
			developmentRegion = en;
			hasScannedForEncodings = 0;
			knownRegions = (
				en,
				Base,
			);
			mainGroup = A8AB099A2419152B00F9647D;
			productRefGroup = A8AB09A42419152B00F9647D /* Products */;
			projectDirPath = "";
			projectRoot = "";
			targets = (
				A8AB09A22419152B00F9647D /* HealthManagerClient */,
			);
		};
/* End PBXProject section */

/* Begin PBXResourcesBuildPhase section */
		A8AB09A12419152B00F9647D /* Resources */ = {
			isa = PBXResourcesBuildPhase;
			buildActionMask = 2147483647;
			files = (
				A8AB09B62419152B00F9647D /* LaunchScreen.storyboard in Resources */,
				A8AB09B32419152B00F9647D /* Assets.xcassets in Resources */,
				A8AB09B12419152B00F9647D /* Main.storyboard in Resources */,
			);
			runOnlyForDeploymentPostprocessing = 0;
		};
/* End PBXResourcesBuildPhase section */

/* Begin PBXSourcesBuildPhase section */
		A8AB099F2419152B00F9647D /* Sources */ = {
			isa = PBXSourcesBuildPhase;
			buildActionMask = 2147483647;
			files = (
				A8AB09AE2419152B00F9647D /* ViewController.m in Sources */,
				A8AB09A82419152B00F9647D /* AppDelegate.m in Sources */,
				A8AB09B92419152B00F9647D /* main.m in Sources */,
				A8AB09AB2419152B00F9647D /* SceneDelegate.m in Sources */,
			);
			runOnlyForDeploymentPostprocessing = 0;
		};
/* End PBXSourcesBuildPhase section */

/* Begin PBXVariantGroup section */
		A8AB09AF2419152B00F9647D /* Main.storyboard */ = {
			isa = PBXVariantGroup;
			children = (
				A8AB09B02419152B00F9647D /* Base */,
			);
			name = Main.storyboard;
			sourceTree = "<group>";
		};
		A8AB09B42419152B00F9647D /* LaunchScreen.storyboard */ = {
			isa = PBXVariantGroup;
			children = (
				A8AB09B52419152B00F9647D /* Base */,
			);
			name = LaunchScreen.storyboard;
			sourceTree = "<group>";
		};
/* End PBXVariantGroup section */

/* Begin XCBuildConfiguration section */
		A8AB09BA2419152B00F9647D /* Debug */ = {
			isa = XCBuildConfiguration;
			buildSettings = {
				ALWAYS_SEARCH_USER_PATHS = NO;
				CLANG_ANALYZER_NONNULL = YES;
				CLANG_ANALYZER_NUMBER_OBJECT_CONVERSION = YES_AGGRESSIVE;
				CLANG_CXX_LANGUAGE_STANDARD = "gnu++14";
				CLANG_CXX_LIBRARY = "libc++";
				CLANG_ENABLE_MODULES = YES;
				CLANG_ENABLE_OBJC_ARC = YES;
				CLANG_ENABLE_OBJC_WEAK = YES;
				CLANG_WARN_BLOCK_CAPTURE_AUTORELEASING = YES;
				CLANG_WARN_BOOL_CONVERSION = YES;
				CLANG_WARN_COMMA = YES;
				CLANG_WARN_CONSTANT_CONVERSION = YES;
				CLANG_WARN_DEPRECATED_OBJC_IMPLEMENTATIONS = YES;
				CLANG_WARN_DIRECT_OBJC_ISA_USAGE = YES_ERROR;
				CLANG_WARN_DOCUMENTATION_COMMENTS = YES;
				CLANG_WARN_EMPTY_BODY = YES;
				CLANG_WARN_ENUM_CONVERSION = YES;
				CLANG_WARN_INFINITE_RECURSION = YES;
				CLANG_WARN_INT_CONVERSION = YES;
				CLANG_WARN_NON_LITERAL_NULL_CONVERSION = YES;
				CLANG_WARN_OBJC_IMPLICIT_RETAIN_SELF = YES;
				CLANG_WARN_OBJC_LITERAL_CONVERSION = YES;
				CLANG_WARN_OBJC_ROOT_CLASS = YES_ERROR;
				CLANG_WARN_RANGE_LOOP_ANALYSIS = YES;
				CLANG_WARN_STRICT_PROTOTYPES = YES;
				CLANG_WARN_SUSPICIOUS_MOVE = YES;
				CLANG_WARN_UNGUARDED_AVAILABILITY = YES_AGGRESSIVE;
				CLANG_WARN_UNREACHABLE_CODE = YES;
				CLANG_WARN__DUPLICATE_METHOD_MATCH = YES;
				COPY_PHASE_STRIP = NO;
				DEBUG_INFORMATION_FORMAT = dwarf;
				ENABLE_STRICT_OBJC_MSGSEND = YES;
				ENABLE_TESTABILITY = YES;
				GCC_C_LANGUAGE_STANDARD = gnu11;
				GCC_DYNAMIC_NO_PIC = NO;
				GCC_NO_COMMON_BLOCKS = YES;
				GCC_OPTIMIZATION_LEVEL = 0;
				GCC_PREPROCESSOR_DEFINITIONS = (
					"DEBUG=1",
					"$(inherited)",
				);
				GCC_WARN_64_TO_32_BIT_CONVERSION = YES;
				GCC_WARN_ABOUT_RETURN_TYPE = YES_ERROR;
				GCC_WARN_UNDECLARED_SELECTOR = YES;
				GCC_WARN_UNINITIALIZED_AUTOS = YES_AGGRESSIVE;
				GCC_WARN_UNUSED_FUNCTION = YES;
				GCC_WARN_UNUSED_VARIABLE = YES;
				IPHONEOS_DEPLOYMENT_TARGET = 13.2;
				MTL_ENABLE_DEBUG_INFO = INCLUDE_SOURCE;
				MTL_FAST_MATH = YES;
				ONLY_ACTIVE_ARCH = YES;
				SDKROOT = iphoneos;
			};
			name = Debug;
		};
		A8AB09BB2419152B00F9647D /* Release */ = {
			isa = XCBuildConfiguration;
			buildSettings = {
				ALWAYS_SEARCH_USER_PATHS = NO;
				CLANG_ANALYZER_NONNULL = YES;
				CLANG_ANALYZER_NUMBER_OBJECT_CONVERSION = YES_AGGRESSIVE;
				CLANG_CXX_LANGUAGE_STANDARD = "gnu++14";
				CLANG_CXX_LIBRARY = "libc++";
				CLANG_ENABLE_MODULES = YES;
				CLANG_ENABLE_OBJC_ARC = YES;
				CLANG_ENABLE_OBJC_WEAK = YES;
				CLANG_WARN_BLOCK_CAPTURE_AUTORELEASING = YES;
				CLANG_WARN_BOOL_CONVERSION = YES;
				CLANG_WARN_COMMA = YES;
				CLANG_WARN_CONSTANT_CONVERSION = YES;
				CLANG_WARN_DEPRECATED_OBJC_IMPLEMENTATIONS = YES;
				CLANG_WARN_DIRECT_OBJC_ISA_USAGE = YES_ERROR;
				CLANG_WARN_DOCUMENTATION_COMMENTS = YES;
				CLANG_WARN_EMPTY_BODY = YES;
				CLANG_WARN_ENUM_CONVERSION = YES;
				CLANG_WARN_INFINITE_RECURSION = YES;
				CLANG_WARN_INT_CONVERSION = YES;
				CLANG_WARN_NON_LITERAL_NULL_CONVERSION = YES;
				CLANG_WARN_OBJC_IMPLICIT_RETAIN_SELF = YES;
				CLANG_WARN_OBJC_LITERAL_CONVERSION = YES;
				CLANG_WARN_OBJC_ROOT_CLASS = YES_ERROR;
				CLANG_WARN_RANGE_LOOP_ANALYSIS = YES;
				CLANG_WARN_STRICT_PROTOTYPES = YES;
				CLANG_WARN_SUSPICIOUS_MOVE = YES;
				CLANG_WARN_UNGUARDED_AVAILABILITY = YES_AGGRESSIVE;
				CLANG_WARN_UNREACHABLE_CODE = YES;
				CLANG_WARN__DUPLICATE_METHOD_MATCH = YES;
				COPY_PHASE_STRIP = NO;
				DEBUG_INFORMATION_FORMAT = "dwarf-with-dsym";
				ENABLE_NS_ASSERTIONS = NO;
				ENABLE_STRICT_OBJC_MSGSEND = YES;
				GCC_C_LANGUAGE_STANDARD = gnu11;
				GCC_NO_COMMON_BLOCKS = YES;
				GCC_WARN_64_TO_32_BIT_CONVERSION = YES;
				GCC_WARN_ABOUT_RETURN_TYPE = YES_ERROR;
				GCC_WARN_UNDECLARED_SELECTOR = YES;
				GCC_WARN_UNINITIALIZED_AUTOS = YES_AGGRESSIVE;
				GCC_WARN_UNUSED_FUNCTION = YES;
				GCC_WARN_UNUSED_VARIABLE = YES;
				IPHONEOS_DEPLOYMENT_TARGET = 13.2;
				MTL_ENABLE_DEBUG_INFO = NO;
				MTL_FAST_MATH = YES;
				SDKROOT = iphoneos;
				VALIDATE_PRODUCT = YES;
			};
			name = Release;
		};
		A8AB09BD2419152B00F9647D /* Debug */ = {
			isa = XCBuildConfiguration;
			buildSettings = {
				ASSETCATALOG_COMPILER_APPICON_NAME = AppIcon;
				CODE_SIGN_STYLE = Automatic;
				DEVELOPMENT_TEAM = G85CRCZT55;
				INFOPLIST_FILE = HealthManagerClient/Info.plist;
				LD_RUNPATH_SEARCH_PATHS = (
					"$(inherited)",
					"@executable_path/Frameworks",
				);
				PRODUCT_BUNDLE_IDENTIFIER = cn.miaomore.HealthManagerClient;
				PRODUCT_NAME = "$(TARGET_NAME)";
				TARGETED_DEVICE_FAMILY = "1,2";
			};
			name = Debug;
		};
		A8AB09BE2419152B00F9647D /* Release */ = {
			isa = XCBuildConfiguration;
			buildSettings = {
				ASSETCATALOG_COMPILER_APPICON_NAME = AppIcon;
				CODE_SIGN_STYLE = Automatic;
				DEVELOPMENT_TEAM = G85CRCZT55;
				INFOPLIST_FILE = HealthManagerClient/Info.plist;
				LD_RUNPATH_SEARCH_PATHS = (
					"$(inherited)",
					"@executable_path/Frameworks",
				);
				PRODUCT_BUNDLE_IDENTIFIER = cn.miaomore.HealthManagerClient;
				PRODUCT_NAME = "$(TARGET_NAME)";
				TARGETED_DEVICE_FAMILY = "1,2";
			};
			name = Release;
		};
/* End XCBuildConfiguration section */

/* Begin XCConfigurationList section */
		A8AB099E2419152B00F9647D /* Build configuration list for PBXProject "HealthManagerClient" */ = {
			isa = XCConfigurationList;
			buildConfigurations = (
				A8AB09BA2419152B00F9647D /* Debug */,
				A8AB09BB2419152B00F9647D /* Release */,
			);
			defaultConfigurationIsVisible = 0;
			defaultConfigurationName = Release;
		};
		A8AB09BC2419152B00F9647D /* Build configuration list for PBXNativeTarget "HealthManagerClient" */ = {
			isa = XCConfigurationList;
			buildConfigurations = (
				A8AB09BD2419152B00F9647D /* Debug */,
				A8AB09BE2419152B00F9647D /* Release */,
			);
			defaultConfigurationIsVisible = 0;
			defaultConfigurationName = Release;
		};
/* End XCConfigurationList section */
	};
	rootObject = A8AB099B2419152B00F9647D /* Project object */;
}
